// !$*UTF8*$!
{
	archiveVersion = 1;
	classes = {
	};
	objectVersion = 50;
	objects = {

/* Begin PBXBuildFile section */
		22507D93272FC7C800B933B2 /* CustomSearchTextField.swift in Sources */ = {isa = PBXBuildFile; fileRef = 22507D92272FC7C800B933B2 /* CustomSearchTextField.swift */; };
		22507D97272FC80A00B933B2 /* SearchItem.swift in Sources */ = {isa = PBXBuildFile; fileRef = 22507D96272FC80A00B933B2 /* SearchItem.swift */; };
		22507D9B272FC88000B933B2 /* CitiesData+CoreDataClass.swift in Sources */ = {isa = PBXBuildFile; fileRef = 22507D99272FC88000B933B2 /* CitiesData+CoreDataClass.swift */; };
		22507D9C272FC88000B933B2 /* CitiesData+CoreDataProperties.swift in Sources */ = {isa = PBXBuildFile; fileRef = 22507D9A272FC88000B933B2 /* CitiesData+CoreDataProperties.swift */; };
		227A651427202AB6001D237F /* Struct.swift in Sources */ = {isa = PBXBuildFile; fileRef = 227A651327202AB6001D237F /* Struct.swift */; };
		227A6519272030CD001D237F /* Model.swift in Sources */ = {isa = PBXBuildFile; fileRef = 227A6518272030CD001D237F /* Model.swift */; };
		2281B0392726CA560001FC0E /* LocationService.swift in Sources */ = {isa = PBXBuildFile; fileRef = 2281B0382726CA560001FC0E /* LocationService.swift */; };
		2287894A27356241000393CB /* CitiesData.sqlite in Resources */ = {isa = PBXBuildFile; fileRef = 2287894727356241000393CB /* CitiesData.sqlite */; };
		228DAF89273587EA007BEBFA /* CitiesData.sqlite-wal in Resources */ = {isa = PBXBuildFile; fileRef = 228DAF87273587EA007BEBFA /* CitiesData.sqlite-wal */; };
		228DAF8A273587EA007BEBFA /* CitiesData.sqlite-shm in Resources */ = {isa = PBXBuildFile; fileRef = 228DAF88273587EA007BEBFA /* CitiesData.sqlite-shm */; };
		22BAD050272EBFE500843FDB /* CitiesStruct.swift in Sources */ = {isa = PBXBuildFile; fileRef = 22BAD04F272EBFE500843FDB /* CitiesStruct.swift */; };
		22BAD058272ED53700843FDB /* CitiesData.xcdatamodeld in Sources */ = {isa = PBXBuildFile; fileRef = 22BAD056272ED53700843FDB /* CitiesData.xcdatamodeld */; };
		22BAD05C272ED5EA00843FDB /* DatabaseManager.swift in Sources */ = {isa = PBXBuildFile; fileRef = 22BAD05B272ED5EA00843FDB /* DatabaseManager.swift */; };
		22C92E672720288C00ED1A26 /* AppDelegate.swift in Sources */ = {isa = PBXBuildFile; fileRef = 22C92E662720288C00ED1A26 /* AppDelegate.swift */; };
		22C92E692720288C00ED1A26 /* SceneDelegate.swift in Sources */ = {isa = PBXBuildFile; fileRef = 22C92E682720288C00ED1A26 /* SceneDelegate.swift */; };
		22C92E6B2720288C00ED1A26 /* ViewController.swift in Sources */ = {isa = PBXBuildFile; fileRef = 22C92E6A2720288C00ED1A26 /* ViewController.swift */; };
		22C92E6E2720288C00ED1A26 /* Main.storyboard in Resources */ = {isa = PBXBuildFile; fileRef = 22C92E6C2720288C00ED1A26 /* Main.storyboard */; };
		22C92E702720289800ED1A26 /* Assets.xcassets in Resources */ = {isa = PBXBuildFile; fileRef = 22C92E6F2720289800ED1A26 /* Assets.xcassets */; };
		22C92E732720289800ED1A26 /* LaunchScreen.storyboard in Resources */ = {isa = PBXBuildFile; fileRef = 22C92E712720289800ED1A26 /* LaunchScreen.storyboard */; };
		22C92E7C272028D200ED1A26 /* InternetService.swift in Sources */ = {isa = PBXBuildFile; fileRef = 22C92E7B272028D200ED1A26 /* InternetService.swift */; };
/* End PBXBuildFile section */

/* Begin PBXFileReference section */
		22507D92272FC7C800B933B2 /* CustomSearchTextField.swift */ = {isa = PBXFileReference; fileEncoding = 4; lastKnownFileType = sourcecode.swift; path = CustomSearchTextField.swift; sourceTree = "<group>"; };
		22507D96272FC80A00B933B2 /* SearchItem.swift */ = {isa = PBXFileReference; fileEncoding = 4; lastKnownFileType = sourcecode.swift; path = SearchItem.swift; sourceTree = "<group>"; };
		22507D99272FC88000B933B2 /* CitiesData+CoreDataClass.swift */ = {isa = PBXFileReference; lastKnownFileType = sourcecode.swift; path = "CitiesData+CoreDataClass.swift"; sourceTree = "<group>"; };
		22507D9A272FC88000B933B2 /* CitiesData+CoreDataProperties.swift */ = {isa = PBXFileReference; lastKnownFileType = sourcecode.swift; path = "CitiesData+CoreDataProperties.swift"; sourceTree = "<group>"; };
		227A651327202AB6001D237F /* Struct.swift */ = {isa = PBXFileReference; lastKnownFileType = sourcecode.swift; path = Struct.swift; sourceTree = "<group>"; };
		227A6518272030CD001D237F /* Model.swift */ = {isa = PBXFileReference; lastKnownFileType = sourcecode.swift; path = Model.swift; sourceTree = "<group>"; };
		2281B0382726CA560001FC0E /* LocationService.swift */ = {isa = PBXFileReference; lastKnownFileType = sourcecode.swift; path = LocationService.swift; sourceTree = "<group>"; };
		2287894727356241000393CB /* CitiesData.sqlite */ = {isa = PBXFileReference; lastKnownFileType = file; path = CitiesData.sqlite; sourceTree = "<group>"; };
		228DAF87273587EA007BEBFA /* CitiesData.sqlite-wal */ = {isa = PBXFileReference; fileEncoding = 4; lastKnownFileType = text; path = "CitiesData.sqlite-wal"; sourceTree = "<group>"; };
		228DAF88273587EA007BEBFA /* CitiesData.sqlite-shm */ = {isa = PBXFileReference; lastKnownFileType = file; path = "CitiesData.sqlite-shm"; sourceTree = "<group>"; };
		22BAD04C272EBDD600843FDB /* city_list.json */ = {isa = PBXFileReference; fileEncoding = 4; lastKnownFileType = text.json; path = city_list.json; sourceTree = "<group>"; };
		22BAD04F272EBFE500843FDB /* CitiesStruct.swift */ = {isa = PBXFileReference; lastKnownFileType = sourcecode.swift; path = CitiesStruct.swift; sourceTree = "<group>"; };
		22BAD057272ED53700843FDB /* CitiesData.xcdatamodel */ = {isa = PBXFileReference; lastKnownFileType = wrapper.xcdatamodel; path = CitiesData.xcdatamodel; sourceTree = "<group>"; };
		22BAD05B272ED5EA00843FDB /* DatabaseManager.swift */ = {isa = PBXFileReference; lastKnownFileType = sourcecode.swift; path = DatabaseManager.swift; sourceTree = "<group>"; };
		22C92E632720288B00ED1A26 /* WeatherApp.app */ = {isa = PBXFileReference; explicitFileType = wrapper.application; includeInIndex = 0; path = WeatherApp.app; sourceTree = BUILT_PRODUCTS_DIR; };
		22C92E662720288C00ED1A26 /* AppDelegate.swift */ = {isa = PBXFileReference; lastKnownFileType = sourcecode.swift; path = AppDelegate.swift; sourceTree = "<group>"; };
		22C92E682720288C00ED1A26 /* SceneDelegate.swift */ = {isa = PBXFileReference; lastKnownFileType = sourcecode.swift; path = SceneDelegate.swift; sourceTree = "<group>"; };
		22C92E6A2720288C00ED1A26 /* ViewController.swift */ = {isa = PBXFileReference; lastKnownFileType = sourcecode.swift; path = ViewController.swift; sourceTree = "<group>"; };
		22C92E6D2720288C00ED1A26 /* Base */ = {isa = PBXFileReference; lastKnownFileType = file.storyboard; name = Base; path = Base.lproj/Main.storyboard; sourceTree = "<group>"; };
		22C92E6F2720289800ED1A26 /* Assets.xcassets */ = {isa = PBXFileReference; lastKnownFileType = folder.assetcatalog; path = Assets.xcassets; sourceTree = "<group>"; };
		22C92E722720289800ED1A26 /* Base */ = {isa = PBXFileReference; lastKnownFileType = file.storyboard; name = Base; path = Base.lproj/LaunchScreen.storyboard; sourceTree = "<group>"; };
		22C92E742720289800ED1A26 /* Info.plist */ = {isa = PBXFileReference; lastKnownFileType = text.plist.xml; path = Info.plist; sourceTree = "<group>"; };
		22C92E7B272028D200ED1A26 /* InternetService.swift */ = {isa = PBXFileReference; lastKnownFileType = sourcecode.swift; path = InternetService.swift; sourceTree = "<group>"; };
/* End PBXFileReference section */

/* Begin PBXFrameworksBuildPhase section */
		22C92E602720288B00ED1A26 /* Frameworks */ = {
			isa = PBXFrameworksBuildPhase;
			buildActionMask = 2147483647;
			files = (
			);
			runOnlyForDeploymentPostprocessing = 0;
		};
/* End PBXFrameworksBuildPhase section */

/* Begin PBXGroup section */
		227A651C272030D8001D237F /* Model */ = {
			isa = PBXGroup;
			children = (
				227A651327202AB6001D237F /* Struct.swift */,
				22BAD04F272EBFE500843FDB /* CitiesStruct.swift */,
				227A6518272030CD001D237F /* Model.swift */,
			);
			path = Model;
			sourceTree = "<group>";
		};
		2287893D27355BBB000393CB /* PreloadedModel */ = {
			isa = PBXGroup;
			children = (
				228DAF88273587EA007BEBFA /* CitiesData.sqlite-shm */,
				228DAF87273587EA007BEBFA /* CitiesData.sqlite-wal */,
				2287894727356241000393CB /* CitiesData.sqlite */,
			);
			path = PreloadedModel;
			sourceTree = "<group>";
		};
		22900EBE273299DA001DEF31 /* View */ = {
			isa = PBXGroup;
			children = (
				22507D92272FC7C800B933B2 /* CustomSearchTextField.swift */,
			);
			path = View;
			sourceTree = "<group>";
		};
		22BAD05A272ED5D000843FDB /* CoreData */ = {
			isa = PBXGroup;
			children = (
				2287893D27355BBB000393CB /* PreloadedModel */,
				22507D96272FC80A00B933B2 /* SearchItem.swift */,
				22BAD056272ED53700843FDB /* CitiesData.xcdatamodeld */,
				22BAD05B272ED5EA00843FDB /* DatabaseManager.swift */,
				22507D99272FC88000B933B2 /* CitiesData+CoreDataClass.swift */,
				22507D9A272FC88000B933B2 /* CitiesData+CoreDataProperties.swift */,
			);
			path = CoreData;
			sourceTree = "<group>";
		};
		22C92E5A2720288B00ED1A26 = {
			isa = PBXGroup;
			children = (
				22C92E652720288B00ED1A26 /* WeatherApp */,
				22C92E642720288B00ED1A26 /* Products */,
			);
			sourceTree = "<group>";
		};
		22C92E642720288B00ED1A26 /* Products */ = {
			isa = PBXGroup;
			children = (
				22C92E632720288B00ED1A26 /* WeatherApp.app */,
			);
			name = Products;
			sourceTree = "<group>";
		};
		22C92E652720288B00ED1A26 /* WeatherApp */ = {
			isa = PBXGroup;
			children = (
				22BAD04C272EBDD600843FDB /* city_list.json */,
				22C92E802720290700ED1A26 /* Storyboards */,
				22C92E7F272028EC00ED1A26 /* Support */,
				22C92E7E272028D800ED1A26 /* Services */,
				227A651C272030D8001D237F /* Model */,
				22BAD05A272ED5D000843FDB /* CoreData */,
				22900EBE273299DA001DEF31 /* View */,
				22C92E6A2720288C00ED1A26 /* ViewController.swift */,
				22C92E6F2720289800ED1A26 /* Assets.xcassets */,
				22C92E742720289800ED1A26 /* Info.plist */,
			);
			path = WeatherApp;
			sourceTree = "<group>";
		};
		22C92E7E272028D800ED1A26 /* Services */ = {
			isa = PBXGroup;
			children = (
				22C92E7B272028D200ED1A26 /* InternetService.swift */,
				2281B0382726CA560001FC0E /* LocationService.swift */,
			);
			path = Services;
			sourceTree = "<group>";
		};
		22C92E7F272028EC00ED1A26 /* Support */ = {
			isa = PBXGroup;
			children = (
				22C92E662720288C00ED1A26 /* AppDelegate.swift */,
				22C92E682720288C00ED1A26 /* SceneDelegate.swift */,
			);
			path = Support;
			sourceTree = "<group>";
		};
		22C92E802720290700ED1A26 /* Storyboards */ = {
			isa = PBXGroup;
			children = (
				22C92E6C2720288C00ED1A26 /* Main.storyboard */,
				22C92E712720289800ED1A26 /* LaunchScreen.storyboard */,
			);
			path = Storyboards;
			sourceTree = "<group>";
		};
/* End PBXGroup section */

/* Begin PBXNativeTarget section */
		22C92E622720288B00ED1A26 /* WeatherApp */ = {
			isa = PBXNativeTarget;
			buildConfigurationList = 22C92E772720289800ED1A26 /* Build configuration list for PBXNativeTarget "WeatherApp" */;
			buildPhases = (
				22C92E5F2720288B00ED1A26 /* Sources */,
				22C92E602720288B00ED1A26 /* Frameworks */,
				22C92E612720288B00ED1A26 /* Resources */,
			);
			buildRules = (
			);
			dependencies = (
			);
			name = WeatherApp;
			productName = WeatherApp;
			productReference = 22C92E632720288B00ED1A26 /* WeatherApp.app */;
			productType = "com.apple.product-type.application";
		};
/* End PBXNativeTarget section */

/* Begin PBXProject section */
		22C92E5B2720288B00ED1A26 /* Project object */ = {
			isa = PBXProject;
			attributes = {
				LastSwiftUpdateCheck = 1240;
				LastUpgradeCheck = 1240;
				TargetAttributes = {
					22C92E622720288B00ED1A26 = {
						CreatedOnToolsVersion = 12.4;
					};
				};
			};
			buildConfigurationList = 22C92E5E2720288B00ED1A26 /* Build configuration list for PBXProject "WeatherApp" */;
			compatibilityVersion = "Xcode 9.3";
			developmentRegion = en;
			hasScannedForEncodings = 0;
			knownRegions = (
				en,
				Base,
			);
			mainGroup = 22C92E5A2720288B00ED1A26;
			productRefGroup = 22C92E642720288B00ED1A26 /* Products */;
			projectDirPath = "";
			projectRoot = "";
			targets = (
				22C92E622720288B00ED1A26 /* WeatherApp */,
			);
		};
/* End PBXProject section */

/* Begin PBXResourcesBuildPhase section */
		22C92E612720288B00ED1A26 /* Resources */ = {
			isa = PBXResourcesBuildPhase;
			buildActionMask = 2147483647;
			files = (
				2287894A27356241000393CB /* CitiesData.sqlite in Resources */,
				22C92E732720289800ED1A26 /* LaunchScreen.storyboard in Resources */,
				22C92E702720289800ED1A26 /* Assets.xcassets in Resources */,
				228DAF89273587EA007BEBFA /* CitiesData.sqlite-wal in Resources */,
				22C92E6E2720288C00ED1A26 /* Main.storyboard in Resources */,
				228DAF8A273587EA007BEBFA /* CitiesData.sqlite-shm in Resources */,
			);
			runOnlyForDeploymentPostprocessing = 0;
		};
/* End PBXResourcesBuildPhase section */

/* Begin PBXSourcesBuildPhase section */
		22C92E5F2720288B00ED1A26 /* Sources */ = {
			isa = PBXSourcesBuildPhase;
			buildActionMask = 2147483647;
			files = (
				22507D97272FC80A00B933B2 /* SearchItem.swift in Sources */,
				2281B0392726CA560001FC0E /* LocationService.swift in Sources */,
				22507D9C272FC88000B933B2 /* CitiesData+CoreDataProperties.swift in Sources */,
				227A651427202AB6001D237F /* Struct.swift in Sources */,
				22BAD05C272ED5EA00843FDB /* DatabaseManager.swift in Sources */,
				22C92E6B2720288C00ED1A26 /* ViewController.swift in Sources */,
				22BAD050272EBFE500843FDB /* CitiesStruct.swift in Sources */,
				22C92E672720288C00ED1A26 /* AppDelegate.swift in Sources */,
				22507D9B272FC88000B933B2 /* CitiesData+CoreDataClass.swift in Sources */,
				227A6519272030CD001D237F /* Model.swift in Sources */,
				22507D93272FC7C800B933B2 /* CustomSearchTextField.swift in Sources */,
				22BAD058272ED53700843FDB /* CitiesData.xcdatamodeld in Sources */,
				22C92E7C272028D200ED1A26 /* InternetService.swift in Sources */,
				22C92E692720288C00ED1A26 /* SceneDelegate.swift in Sources */,
			);
			runOnlyForDeploymentPostprocessing = 0;
		};
/* End PBXSourcesBuildPhase section */

/* Begin PBXVariantGroup section */
		22C92E6C2720288C00ED1A26 /* Main.storyboard */ = {
			isa = PBXVariantGroup;
			children = (
				22C92E6D2720288C00ED1A26 /* Base */,
			);
			name = Main.storyboard;
			sourceTree = "<group>";
		};
		22C92E712720289800ED1A26 /* LaunchScreen.storyboard */ = {
			isa = PBXVariantGroup;
			children = (
				22C92E722720289800ED1A26 /* Base */,
			);
			name = LaunchScreen.storyboard;
			sourceTree = "<group>";
		};
/* End PBXVariantGroup section */

/* Begin XCBuildConfiguration section */
		22C92E752720289800ED1A26 /* Debug */ = {
			isa = XCBuildConfiguration;
			buildSettings = {
				ALWAYS_SEARCH_USER_PATHS = NO;
				CLANG_ANALYZER_NONNULL = YES;
				CLANG_ANALYZER_NUMBER_OBJECT_CONVERSION = YES_AGGRESSIVE;
				CLANG_CXX_LANGUAGE_STANDARD = "gnu++14";
				CLANG_CXX_LIBRARY = "libc++";
				CLANG_ENABLE_MODULES = YES;
				CLANG_ENABLE_OBJC_ARC = YES;
				CLANG_ENABLE_OBJC_WEAK = YES;
				CLANG_WARN_BLOCK_CAPTURE_AUTORELEASING = YES;
				CLANG_WARN_BOOL_CONVERSION = YES;
				CLANG_WARN_COMMA = YES;
				CLANG_WARN_CONSTANT_CONVERSION = YES;
				CLANG_WARN_DEPRECATED_OBJC_IMPLEMENTATIONS = YES;
				CLANG_WARN_DIRECT_OBJC_ISA_USAGE = YES_ERROR;
				CLANG_WARN_DOCUMENTATION_COMMENTS = YES;
				CLANG_WARN_EMPTY_BODY = YES;
				CLANG_WARN_ENUM_CONVERSION = YES;
				CLANG_WARN_INFINITE_RECURSION = YES;
				CLANG_WARN_INT_CONVERSION = YES;
				CLANG_WARN_NON_LITERAL_NULL_CONVERSION = YES;
				CLANG_WARN_OBJC_IMPLICIT_RETAIN_SELF = YES;
				CLANG_WARN_OBJC_LITERAL_CONVERSION = YES;
				CLANG_WARN_OBJC_ROOT_CLASS = YES_ERROR;
				CLANG_WARN_QUOTED_INCLUDE_IN_FRAMEWORK_HEADER = YES;
				CLANG_WARN_RANGE_LOOP_ANALYSIS = YES;
				CLANG_WARN_STRICT_PROTOTYPES = YES;
				CLANG_WARN_SUSPICIOUS_MOVE = YES;
				CLANG_WARN_UNGUARDED_AVAILABILITY = YES_AGGRESSIVE;
				CLANG_WARN_UNREACHABLE_CODE = YES;
				CLANG_WARN__DUPLICATE_METHOD_MATCH = YES;
				COPY_PHASE_STRIP = NO;
				DEBUG_INFORMATION_FORMAT = dwarf;
				ENABLE_STRICT_OBJC_MSGSEND = YES;
				ENABLE_TESTABILITY = YES;
				GCC_C_LANGUAGE_STANDARD = gnu11;
				GCC_DYNAMIC_NO_PIC = NO;
				GCC_NO_COMMON_BLOCKS = YES;
				GCC_OPTIMIZATION_LEVEL = 0;
				GCC_PREPROCESSOR_DEFINITIONS = (
					"DEBUG=1",
					"$(inherited)",
				);
				GCC_WARN_64_TO_32_BIT_CONVERSION = YES;
				GCC_WARN_ABOUT_RETURN_TYPE = YES_ERROR;
				GCC_WARN_UNDECLARED_SELECTOR = YES;
				GCC_WARN_UNINITIALIZED_AUTOS = YES_AGGRESSIVE;
				GCC_WARN_UNUSED_FUNCTION = YES;
				GCC_WARN_UNUSED_VARIABLE = YES;
				IPHONEOS_DEPLOYMENT_TARGET = 14.4;
				MTL_ENABLE_DEBUG_INFO = INCLUDE_SOURCE;
				MTL_FAST_MATH = YES;
				ONLY_ACTIVE_ARCH = YES;
				SDKROOT = iphoneos;
				SWIFT_ACTIVE_COMPILATION_CONDITIONS = DEBUG;
				SWIFT_OPTIMIZATION_LEVEL = "-Onone";
			};
			name = Debug;
		};
		22C92E762720289800ED1A26 /* Release */ = {
			isa = XCBuildConfiguration;
			buildSettings = {
				ALWAYS_SEARCH_USER_PATHS = NO;
				CLANG_ANALYZER_NONNULL = YES;
				CLANG_ANALYZER_NUMBER_OBJECT_CONVERSION = YES_AGGRESSIVE;
				CLANG_CXX_LANGUAGE_STANDARD = "gnu++14";
				CLANG_CXX_LIBRARY = "libc++";
				CLANG_ENABLE_MODULES = YES;
				CLANG_ENABLE_OBJC_ARC = YES;
				CLANG_ENABLE_OBJC_WEAK = YES;
				CLANG_WARN_BLOCK_CAPTURE_AUTORELEASING = YES;
				CLANG_WARN_BOOL_CONVERSION = YES;
				CLANG_WARN_COMMA = YES;
				CLANG_WARN_CONSTANT_CONVERSION = YES;
				CLANG_WARN_DEPRECATED_OBJC_IMPLEMENTATIONS = YES;
				CLANG_WARN_DIRECT_OBJC_ISA_USAGE = YES_ERROR;
				CLANG_WARN_DOCUMENTATION_COMMENTS = YES;
				CLANG_WARN_EMPTY_BODY = YES;
				CLANG_WARN_ENUM_CONVERSION = YES;
				CLANG_WARN_INFINITE_RECURSION = YES;
				CLANG_WARN_INT_CONVERSION = YES;
				CLANG_WARN_NON_LITERAL_NULL_CONVERSION = YES;
				CLANG_WARN_OBJC_IMPLICIT_RETAIN_SELF = YES;
				CLANG_WARN_OBJC_LITERAL_CONVERSION = YES;
				CLANG_WARN_OBJC_ROOT_CLASS = YES_ERROR;
				CLANG_WARN_QUOTED_INCLUDE_IN_FRAMEWORK_HEADER = YES;
				CLANG_WARN_RANGE_LOOP_ANALYSIS = YES;
				CLANG_WARN_STRICT_PROTOTYPES = YES;
				CLANG_WARN_SUSPICIOUS_MOVE = YES;
				CLANG_WARN_UNGUARDED_AVAILABILITY = YES_AGGRESSIVE;
				CLANG_WARN_UNREACHABLE_CODE = YES;
				CLANG_WARN__DUPLICATE_METHOD_MATCH = YES;
				COPY_PHASE_STRIP = NO;
				DEBUG_INFORMATION_FORMAT = "dwarf-with-dsym";
				ENABLE_NS_ASSERTIONS = NO;
				ENABLE_STRICT_OBJC_MSGSEND = YES;
				GCC_C_LANGUAGE_STANDARD = gnu11;
				GCC_NO_COMMON_BLOCKS = YES;
				GCC_WARN_64_TO_32_BIT_CONVERSION = YES;
				GCC_WARN_ABOUT_RETURN_TYPE = YES_ERROR;
				GCC_WARN_UNDECLARED_SELECTOR = YES;
				GCC_WARN_UNINITIALIZED_AUTOS = YES_AGGRESSIVE;
				GCC_WARN_UNUSED_FUNCTION = YES;
				GCC_WARN_UNUSED_VARIABLE = YES;
				IPHONEOS_DEPLOYMENT_TARGET = 14.4;
				MTL_ENABLE_DEBUG_INFO = NO;
				MTL_FAST_MATH = YES;
				SDKROOT = iphoneos;
				SWIFT_COMPILATION_MODE = wholemodule;
				SWIFT_OPTIMIZATION_LEVEL = "-O";
				VALIDATE_PRODUCT = YES;
			};
			name = Release;
		};
		22C92E782720289800ED1A26 /* Debug */ = {
			isa = XCBuildConfiguration;
			buildSettings = {
				ASSETCATALOG_COMPILER_APPICON_NAME = AppIcon;
				ASSETCATALOG_COMPILER_GLOBAL_ACCENT_COLOR_NAME = AccentColor;
				CODE_SIGN_STYLE = Automatic;
				DEVELOPMENT_TEAM = 568BW9C96K;
				INFOPLIST_FILE = WeatherApp/Info.plist;
				LD_RUNPATH_SEARCH_PATHS = (
					"$(inherited)",
					"@executable_path/Frameworks",
				);
				PRODUCT_BUNDLE_IDENTIFIER = someName.WeatherApp;
				PRODUCT_NAME = "$(TARGET_NAME)";
				SWIFT_VERSION = 5.0;
				TARGETED_DEVICE_FAMILY = "1,2";
			};
			name = Debug;
		};
		22C92E792720289800ED1A26 /* Release */ = {
			isa = XCBuildConfiguration;
			buildSettings = {
				ASSETCATALOG_COMPILER_APPICON_NAME = AppIcon;
				ASSETCATALOG_COMPILER_GLOBAL_ACCENT_COLOR_NAME = AccentColor;
				CODE_SIGN_STYLE = Automatic;
				DEVELOPMENT_TEAM = 568BW9C96K;
				INFOPLIST_FILE = WeatherApp/Info.plist;
				LD_RUNPATH_SEARCH_PATHS = (
					"$(inherited)",
					"@executable_path/Frameworks",
				);
				PRODUCT_BUNDLE_IDENTIFIER = someName.WeatherApp;
				PRODUCT_NAME = "$(TARGET_NAME)";
				SWIFT_VERSION = 5.0;
				TARGETED_DEVICE_FAMILY = "1,2";
			};
			name = Release;
		};
/* End XCBuildConfiguration section */

/* Begin XCConfigurationList section */
		22C92E5E2720288B00ED1A26 /* Build configuration list for PBXProject "WeatherApp" */ = {
			isa = XCConfigurationList;
			buildConfigurations = (
				22C92E752720289800ED1A26 /* Debug */,
				22C92E762720289800ED1A26 /* Release */,
			);
			defaultConfigurationIsVisible = 0;
			defaultConfigurationName = Release;
		};
		22C92E772720289800ED1A26 /* Build configuration list for PBXNativeTarget "WeatherApp" */ = {
			isa = XCConfigurationList;
			buildConfigurations = (
				22C92E782720289800ED1A26 /* Debug */,
				22C92E792720289800ED1A26 /* Release */,
			);
			defaultConfigurationIsVisible = 0;
			defaultConfigurationName = Release;
		};
/* End XCConfigurationList section */

/* Begin XCVersionGroup section */
		22BAD056272ED53700843FDB /* CitiesData.xcdatamodeld */ = {
			isa = XCVersionGroup;
			children = (
				22BAD057272ED53700843FDB /* CitiesData.xcdatamodel */,
			);
			currentVersion = 22BAD057272ED53700843FDB /* CitiesData.xcdatamodel */;
			path = CitiesData.xcdatamodeld;
			sourceTree = "<group>";
			versionGroupType = wrapper.xcdatamodel;
		};
/* End XCVersionGroup section */
	};
	rootObject = 22C92E5B2720288B00ED1A26 /* Project object */;
}
